
Microsoft Visual Studio Solution File, Format Version 12.00
# Visual Studio Version 17
VisualStudioVersion = 17.8.34309.116
MinimumVisualStudioVersion = 10.0.40219.1
Project("{FAE04EC0-301F-11D3-BF4B-00C04F79EFBC}") = "FotoKlubasSvetaine.Server", "FotoKlubasSvetaine.Server\FotoKlubasSvetaine.Server.csproj", "{9B2859A9-3857-4EF7-826C-CC0229AF2F3A}"
EndProject
Project("{54A90642-561A-4BB1-A94E-469ADEE60C69}") = "fotoklubassvetaine.client", "fotoklubassvetaine.client\fotoklubassvetaine.client.esproj", "{7794C4DE-B24E-4894-BF4E-6C9028956C25}"
EndProject
Global
	GlobalSection(SolutionConfigurationPlatforms) = preSolution
		Debug|Any CPU = Debug|Any CPU
		Release|Any CPU = Release|Any CPU
	EndGlobalSection
	GlobalSection(ProjectConfigurationPlatforms) = postSolution
		{9B2859A9-3857-4EF7-826C-CC0229AF2F3A}.Debug|Any CPU.ActiveCfg = Debug|Any CPU
		{9B2859A9-3857-4EF7-826C-CC0229AF2F3A}.Debug|Any CPU.Build.0 = Debug|Any CPU
		{9B2859A9-3857-4EF7-826C-CC0229AF2F3A}.Release|Any CPU.ActiveCfg = Release|Any CPU
		{9B2859A9-3857-4EF7-826C-CC0229AF2F3A}.Release|Any CPU.Build.0 = Release|Any CPU
		{7794C4DE-B24E-4894-BF4E-6C9028956C25}.Debug|Any CPU.ActiveCfg = Debug|Any CPU
		{7794C4DE-B24E-4894-BF4E-6C9028956C25}.Debug|Any CPU.Build.0 = Debug|Any CPU
		{7794C4DE-B24E-4894-BF4E-6C9028956C25}.Debug|Any CPU.Deploy.0 = Debug|Any CPU
		{7794C4DE-B24E-4894-BF4E-6C9028956C25}.Release|Any CPU.ActiveCfg = Release|Any CPU
		{7794C4DE-B24E-4894-BF4E-6C9028956C25}.Release|Any CPU.Build.0 = Release|Any CPU
		{7794C4DE-B24E-4894-BF4E-6C9028956C25}.Release|Any CPU.Deploy.0 = Release|Any CPU
	EndGlobalSection
	GlobalSection(SolutionProperties) = preSolution
		HideSolutionNode = FALSE
	EndGlobalSection
	GlobalSection(ExtensibilityGlobals) = postSolution
		SolutionGuid = {295FD1B8-E000-402E-87A8-8699A7D42CC1}
	EndGlobalSection
EndGlobal
